// !$*UTF8*$!
{
	archiveVersion = 1;
	classes = {
	};
	objectVersion = 46;
	objects = {

/* Begin PBXBuildFile section */
		6200FF77193FAF3900B5DC21 /* Foundation.framework in Frameworks */ = {isa = PBXBuildFile; fileRef = 6200FF76193FAF3900B5DC21 /* Foundation.framework */; };
		6200FF79193FAF3900B5DC21 /* CoreGraphics.framework in Frameworks */ = {isa = PBXBuildFile; fileRef = 6200FF78193FAF3900B5DC21 /* CoreGraphics.framework */; };
		6200FF7B193FAF3900B5DC21 /* UIKit.framework in Frameworks */ = {isa = PBXBuildFile; fileRef = 6200FF7A193FAF3900B5DC21 /* UIKit.framework */; };
		6200FF81193FAF3900B5DC21 /* InfoPlist.strings in Resources */ = {isa = PBXBuildFile; fileRef = 6200FF7F193FAF3900B5DC21 /* InfoPlist.strings */; };
		6200FF83193FAF3900B5DC21 /* main.m in Sources */ = {isa = PBXBuildFile; fileRef = 6200FF82193FAF3900B5DC21 /* main.m */; };
		6200FF87193FAF3900B5DC21 /* AppDelegate.m in Sources */ = {isa = PBXBuildFile; fileRef = 6200FF86193FAF3900B5DC21 /* AppDelegate.m */; };
		6200FF89193FAF3900B5DC21 /* Images.xcassets in Resources */ = {isa = PBXBuildFile; fileRef = 6200FF88193FAF3900B5DC21 /* Images.xcassets */; };
		6200FF90193FAF3900B5DC21 /* XCTest.framework in Frameworks */ = {isa = PBXBuildFile; fileRef = 6200FF8F193FAF3900B5DC21 /* XCTest.framework */; };
		6200FF91193FAF3A00B5DC21 /* Foundation.framework in Frameworks */ = {isa = PBXBuildFile; fileRef = 6200FF76193FAF3900B5DC21 /* Foundation.framework */; };
		6200FF92193FAF3A00B5DC21 /* UIKit.framework in Frameworks */ = {isa = PBXBuildFile; fileRef = 6200FF7A193FAF3900B5DC21 /* UIKit.framework */; };
		6200FF9A193FAF3A00B5DC21 /* InfoPlist.strings in Resources */ = {isa = PBXBuildFile; fileRef = 6200FF98193FAF3A00B5DC21 /* InfoPlist.strings */; };
		6200FF9C193FAF3A00B5DC21 /* tipcalcTests.m in Sources */ = {isa = PBXBuildFile; fileRef = 6200FF9B193FAF3A00B5DC21 /* tipcalcTests.m */; };
		6200FFA8193FAFEA00B5DC21 /* tipViewController.m in Sources */ = {isa = PBXBuildFile; fileRef = 6200FFA6193FAFEA00B5DC21 /* tipViewController.m */; };
		6200FFA9193FAFEA00B5DC21 /* tipViewController.xib in Resources */ = {isa = PBXBuildFile; fileRef = 6200FFA7193FAFEA00B5DC21 /* tipViewController.xib */; };
		6200FFAD1941033B00B5DC21 /* SettingsViewController.m in Sources */ = {isa = PBXBuildFile; fileRef = 6200FFAB1941033B00B5DC21 /* SettingsViewController.m */; };
		6200FFAE1941033B00B5DC21 /* SettingsViewController.xib in Resources */ = {isa = PBXBuildFile; fileRef = 6200FFAC1941033B00B5DC21 /* SettingsViewController.xib */; };
/* End PBXBuildFile section */

/* Begin PBXContainerItemProxy section */
		6200FF93193FAF3A00B5DC21 /* PBXContainerItemProxy */ = {
			isa = PBXContainerItemProxy;
			containerPortal = 6200FF6B193FAF3900B5DC21 /* Project object */;
			proxyType = 1;
			remoteGlobalIDString = 6200FF72193FAF3900B5DC21;
			remoteInfo = tipcalc;
		};
/* End PBXContainerItemProxy section */

/* Begin PBXFileReference section */
		6200FF73193FAF3900B5DC21 /* tipcalc.app */ = {isa = PBXFileReference; explicitFileType = wrapper.application; includeInIndex = 0; path = tipcalc.app; sourceTree = BUILT_PRODUCTS_DIR; };
		6200FF76193FAF3900B5DC21 /* Foundation.framework */ = {isa = PBXFileReference; lastKnownFileType = wrapper.framework; name = Foundation.framework; path = System/Library/Frameworks/Foundation.framework; sourceTree = SDKROOT; };
		6200FF78193FAF3900B5DC21 /* CoreGraphics.framework */ = {isa = PBXFileReference; lastKnownFileType = wrapper.framework; name = CoreGraphics.framework; path = System/Library/Frameworks/CoreGraphics.framework; sourceTree = SDKROOT; };
		6200FF7A193FAF3900B5DC21 /* UIKit.framework */ = {isa = PBXFileReference; lastKnownFileType = wrapper.framework; name = UIKit.framework; path = System/Library/Frameworks/UIKit.framework; sourceTree = SDKROOT; };
		6200FF7E193FAF3900B5DC21 /* tipcalc-Info.plist */ = {isa = PBXFileReference; lastKnownFileType = text.plist.xml; path = "tipcalc-Info.plist"; sourceTree = "<group>"; };
		6200FF80193FAF3900B5DC21 /* en */ = {isa = PBXFileReference; lastKnownFileType = text.plist.strings; name = en; path = en.lproj/InfoPlist.strings; sourceTree = "<group>"; };
		6200FF82193FAF3900B5DC21 /* main.m */ = {isa = PBXFileReference; lastKnownFileType = sourcecode.c.objc; path = main.m; sourceTree = "<group>"; };
		6200FF84193FAF3900B5DC21 /* tipcalc-Prefix.pch */ = {isa = PBXFileReference; lastKnownFileType = sourcecode.c.h; path = "tipcalc-Prefix.pch"; sourceTree = "<group>"; };
		6200FF85193FAF3900B5DC21 /* AppDelegate.h */ = {isa = PBXFileReference; lastKnownFileType = sourcecode.c.h; path = AppDelegate.h; sourceTree = "<group>"; };
		6200FF86193FAF3900B5DC21 /* AppDelegate.m */ = {isa = PBXFileReference; lastKnownFileType = sourcecode.c.objc; path = AppDelegate.m; sourceTree = "<group>"; };
		6200FF88193FAF3900B5DC21 /* Images.xcassets */ = {isa = PBXFileReference; lastKnownFileType = folder.assetcatalog; path = Images.xcassets; sourceTree = "<group>"; };
		6200FF8E193FAF3900B5DC21 /* tipcalcTests.xctest */ = {isa = PBXFileReference; explicitFileType = wrapper.cfbundle; includeInIndex = 0; path = tipcalcTests.xctest; sourceTree = BUILT_PRODUCTS_DIR; };
		6200FF8F193FAF3900B5DC21 /* XCTest.framework */ = {isa = PBXFileReference; lastKnownFileType = wrapper.framework; name = XCTest.framework; path = Library/Frameworks/XCTest.framework; sourceTree = DEVELOPER_DIR; };
		6200FF97193FAF3A00B5DC21 /* tipcalcTests-Info.plist */ = {isa = PBXFileReference; lastKnownFileType = text.plist.xml; path = "tipcalcTests-Info.plist"; sourceTree = "<group>"; };
		6200FF99193FAF3A00B5DC21 /* en */ = {isa = PBXFileReference; lastKnownFileType = text.plist.strings; name = en; path = en.lproj/InfoPlist.strings; sourceTree = "<group>"; };
		6200FF9B193FAF3A00B5DC21 /* tipcalcTests.m */ = {isa = PBXFileReference; lastKnownFileType = sourcecode.c.objc; path = tipcalcTests.m; sourceTree = "<group>"; };
		6200FFA5193FAFEA00B5DC21 /* tipViewController.h */ = {isa = PBXFileReference; fileEncoding = 4; lastKnownFileType = sourcecode.c.h; name = tipViewController.h; path = ../tipViewController.h; sourceTree = "<group>"; };
		6200FFA6193FAFEA00B5DC21 /* tipViewController.m */ = {isa = PBXFileReference; fileEncoding = 4; lastKnownFileType = sourcecode.c.objc; name = tipViewController.m; path = ../tipViewController.m; sourceTree = "<group>"; };
		6200FFA7193FAFEA00B5DC21 /* tipViewController.xib */ = {isa = PBXFileReference; fileEncoding = 4; lastKnownFileType = file.xib; name = tipViewController.xib; path = ../tipViewController.xib; sourceTree = "<group>"; };
		6200FFAA1941033B00B5DC21 /* SettingsViewController.h */ = {isa = PBXFileReference; fileEncoding = 4; lastKnownFileType = sourcecode.c.h; path = SettingsViewController.h; sourceTree = "<group>"; };
		6200FFAB1941033B00B5DC21 /* SettingsViewController.m */ = {isa = PBXFileReference; fileEncoding = 4; lastKnownFileType = sourcecode.c.objc; path = SettingsViewController.m; sourceTree = "<group>"; };
		6200FFAC1941033B00B5DC21 /* SettingsViewController.xib */ = {isa = PBXFileReference; fileEncoding = 4; lastKnownFileType = file.xib; path = SettingsViewController.xib; sourceTree = "<group>"; };
/* End PBXFileReference section */

/* Begin PBXFrameworksBuildPhase section */
		6200FF70193FAF3900B5DC21 /* Frameworks */ = {
			isa = PBXFrameworksBuildPhase;
			buildActionMask = 2147483647;
			files = (
				6200FF79193FAF3900B5DC21 /* CoreGraphics.framework in Frameworks */,
				6200FF7B193FAF3900B5DC21 /* UIKit.framework in Frameworks */,
				6200FF77193FAF3900B5DC21 /* Foundation.framework in Frameworks */,
			);
			runOnlyForDeploymentPostprocessing = 0;
		};
		6200FF8B193FAF3900B5DC21 /* Frameworks */ = {
			isa = PBXFrameworksBuildPhase;
			buildActionMask = 2147483647;
			files = (
				6200FF90193FAF3900B5DC21 /* XCTest.framework in Frameworks */,
				6200FF92193FAF3A00B5DC21 /* UIKit.framework in Frameworks */,
				6200FF91193FAF3A00B5DC21 /* Foundation.framework in Frameworks */,
			);
			runOnlyForDeploymentPostprocessing = 0;
		};
/* End PBXFrameworksBuildPhase section */

/* Begin PBXGroup section */
		6200FF6A193FAF3900B5DC21 = {
			isa = PBXGroup;
			children = (
				6200FF7C193FAF3900B5DC21 /* tipcalc */,
				6200FF95193FAF3A00B5DC21 /* tipcalcTests */,
				6200FF75193FAF3900B5DC21 /* Frameworks */,
				6200FF74193FAF3900B5DC21 /* Products */,
			);
			sourceTree = "<group>";
		};
		6200FF74193FAF3900B5DC21 /* Products */ = {
			isa = PBXGroup;
			children = (
				6200FF73193FAF3900B5DC21 /* tipcalc.app */,
				6200FF8E193FAF3900B5DC21 /* tipcalcTests.xctest */,
			);
			name = Products;
			sourceTree = "<group>";
		};
		6200FF75193FAF3900B5DC21 /* Frameworks */ = {
			isa = PBXGroup;
			children = (
				6200FF76193FAF3900B5DC21 /* Foundation.framework */,
				6200FF78193FAF3900B5DC21 /* CoreGraphics.framework */,
				6200FF7A193FAF3900B5DC21 /* UIKit.framework */,
				6200FF8F193FAF3900B5DC21 /* XCTest.framework */,
			);
			name = Frameworks;
			sourceTree = "<group>";
		};
		6200FF7C193FAF3900B5DC21 /* tipcalc */ = {
			isa = PBXGroup;
			children = (
				6200FFAA1941033B00B5DC21 /* SettingsViewController.h */,
				6200FFAB1941033B00B5DC21 /* SettingsViewController.m */,
				6200FFAC1941033B00B5DC21 /* SettingsViewController.xib */,
				6200FFA5193FAFEA00B5DC21 /* tipViewController.h */,
				6200FFA6193FAFEA00B5DC21 /* tipViewController.m */,
				6200FFA7193FAFEA00B5DC21 /* tipViewController.xib */,
				6200FF85193FAF3900B5DC21 /* AppDelegate.h */,
				6200FF86193FAF3900B5DC21 /* AppDelegate.m */,
				6200FF88193FAF3900B5DC21 /* Images.xcassets */,
				6200FF7D193FAF3900B5DC21 /* Supporting Files */,
			);
			path = tipcalc;
			sourceTree = "<group>";
		};
		6200FF7D193FAF3900B5DC21 /* Supporting Files */ = {
			isa = PBXGroup;
			children = (
				6200FF7E193FAF3900B5DC21 /* tipcalc-Info.plist */,
				6200FF7F193FAF3900B5DC21 /* InfoPlist.strings */,
				6200FF82193FAF3900B5DC21 /* main.m */,
				6200FF84193FAF3900B5DC21 /* tipcalc-Prefix.pch */,
			);
			name = "Supporting Files";
			sourceTree = "<group>";
		};
		6200FF95193FAF3A00B5DC21 /* tipcalcTests */ = {
			isa = PBXGroup;
			children = (
				6200FF9B193FAF3A00B5DC21 /* tipcalcTests.m */,
				6200FF96193FAF3A00B5DC21 /* Supporting Files */,
			);
			path = tipcalcTests;
			sourceTree = "<group>";
		};
		6200FF96193FAF3A00B5DC21 /* Supporting Files */ = {
			isa = PBXGroup;
			children = (
				6200FF97193FAF3A00B5DC21 /* tipcalcTests-Info.plist */,
				6200FF98193FAF3A00B5DC21 /* InfoPlist.strings */,
			);
			name = "Supporting Files";
			sourceTree = "<group>";
		};
/* End PBXGroup section */

/* Begin PBXNativeTarget section */
		6200FF72193FAF3900B5DC21 /* tipcalc */ = {
			isa = PBXNativeTarget;
			buildConfigurationList = 6200FF9F193FAF3A00B5DC21 /* Build configuration list for PBXNativeTarget "tipcalc" */;
			buildPhases = (
				6200FF6F193FAF3900B5DC21 /* Sources */,
				6200FF70193FAF3900B5DC21 /* Frameworks */,
				6200FF71193FAF3900B5DC21 /* Resources */,
			);
			buildRules = (
			);
			dependencies = (
			);
			name = tipcalc;
			productName = tipcalc;
			productReference = 6200FF73193FAF3900B5DC21 /* tipcalc.app */;
			productType = "com.apple.product-type.application";
		};
		6200FF8D193FAF3900B5DC21 /* tipcalcTests */ = {
			isa = PBXNativeTarget;
			buildConfigurationList = 6200FFA2193FAF3A00B5DC21 /* Build configuration list for PBXNativeTarget "tipcalcTests" */;
			buildPhases = (
				6200FF8A193FAF3900B5DC21 /* Sources */,
				6200FF8B193FAF3900B5DC21 /* Frameworks */,
				6200FF8C193FAF3900B5DC21 /* Resources */,
			);
			buildRules = (
			);
			dependencies = (
				6200FF94193FAF3A00B5DC21 /* PBXTargetDependency */,
			);
			name = tipcalcTests;
			productName = tipcalcTests;
			productReference = 6200FF8E193FAF3900B5DC21 /* tipcalcTests.xctest */;
			productType = "com.apple.product-type.bundle.unit-test";
		};
/* End PBXNativeTarget section */

/* Begin PBXProject section */
		6200FF6B193FAF3900B5DC21 /* Project object */ = {
			isa = PBXProject;
			attributes = {
				LastUpgradeCheck = 0510;
				ORGANIZATIONNAME = "Tushar Bhushan";
				TargetAttributes = {
					6200FF8D193FAF3900B5DC21 = {
						TestTargetID = 6200FF72193FAF3900B5DC21;
					};
				};
			};
			buildConfigurationList = 6200FF6E193FAF3900B5DC21 /* Build configuration list for PBXProject "tipcalc" */;
			compatibilityVersion = "Xcode 3.2";
			developmentRegion = English;
			hasScannedForEncodings = 0;
			knownRegions = (
				en,
			);
			mainGroup = 6200FF6A193FAF3900B5DC21;
			productRefGroup = 6200FF74193FAF3900B5DC21 /* Products */;
			projectDirPath = "";
			projectRoot = "";
			targets = (
				6200FF72193FAF3900B5DC21 /* tipcalc */,
				6200FF8D193FAF3900B5DC21 /* tipcalcTests */,
			);
		};
/* End PBXProject section */

/* Begin PBXResourcesBuildPhase section */
		6200FF71193FAF3900B5DC21 /* Resources */ = {
			isa = PBXResourcesBuildPhase;
			buildActionMask = 2147483647;
			files = (
				6200FF81193FAF3900B5DC21 /* InfoPlist.strings in Resources */,
				6200FF89193FAF3900B5DC21 /* Images.xcassets in Resources */,
				6200FFA9193FAFEA00B5DC21 /* tipViewController.xib in Resources */,
				6200FFAE1941033B00B5DC21 /* SettingsViewController.xib in Resources */,
			);
			runOnlyForDeploymentPostprocessing = 0;
		};
		6200FF8C193FAF3900B5DC21 /* Resources */ = {
			isa = PBXResourcesBuildPhase;
			buildActionMask = 2147483647;
			files = (
				6200FF9A193FAF3A00B5DC21 /* InfoPlist.strings in Resources */,
			);
			runOnlyForDeploymentPostprocessing = 0;
		};
/* End PBXResourcesBuildPhase section */

/* Begin PBXSourcesBuildPhase section */
		6200FF6F193FAF3900B5DC21 /* Sources */ = {
			isa = PBXSourcesBuildPhase;
			buildActionMask = 2147483647;
			files = (
				6200FF87193FAF3900B5DC21 /* AppDelegate.m in Sources */,
				6200FF83193FAF3900B5DC21 /* main.m in Sources */,
				6200FFA8193FAFEA00B5DC21 /* tipViewController.m in Sources */,
				6200FFAD1941033B00B5DC21 /* SettingsViewController.m in Sources */,
			);
			runOnlyForDeploymentPostprocessing = 0;
		};
		6200FF8A193FAF3900B5DC21 /* Sources */ = {
			isa = PBXSourcesBuildPhase;
			buildActionMask = 2147483647;
			files = (
				6200FF9C193FAF3A00B5DC21 /* tipcalcTests.m in Sources */,
			);
			runOnlyForDeploymentPostprocessing = 0;
		};
/* End PBXSourcesBuildPhase section */

/* Begin PBXTargetDependency section */
		6200FF94193FAF3A00B5DC21 /* PBXTargetDependency */ = {
			isa = PBXTargetDependency;
			target = 6200FF72193FAF3900B5DC21 /* tipcalc */;
			targetProxy = 6200FF93193FAF3A00B5DC21 /* PBXContainerItemProxy */;
		};
/* End PBXTargetDependency section */

/* Begin PBXVariantGroup section */
		6200FF7F193FAF3900B5DC21 /* InfoPlist.strings */ = {
			isa = PBXVariantGroup;
			children = (
				6200FF80193FAF3900B5DC21 /* en */,
			);
			name = InfoPlist.strings;
			sourceTree = "<group>";
		};
		6200FF98193FAF3A00B5DC21 /* InfoPlist.strings */ = {
			isa = PBXVariantGroup;
			children = (
				6200FF99193FAF3A00B5DC21 /* en */,
			);
			name = InfoPlist.strings;
			sourceTree = "<group>";
		};
/* End PBXVariantGroup section */

/* Begin XCBuildConfiguration section */
		6200FF9D193FAF3A00B5DC21 /* Debug */ = {
			isa = XCBuildConfiguration;
			buildSettings = {
				ALWAYS_SEARCH_USER_PATHS = NO;
				CLANG_CXX_LANGUAGE_STANDARD = "gnu++0x";
				CLANG_CXX_LIBRARY = "libc++";
				CLANG_ENABLE_MODULES = YES;
				CLANG_ENABLE_OBJC_ARC = YES;
				CLANG_WARN_BOOL_CONVERSION = YES;
				CLANG_WARN_CONSTANT_CONVERSION = YES;
				CLANG_WARN_DIRECT_OBJC_ISA_USAGE = YES_ERROR;
				CLANG_WARN_EMPTY_BODY = YES;
				CLANG_WARN_ENUM_CONVERSION = YES;
				CLANG_WARN_INT_CONVERSION = YES;
				CLANG_WARN_OBJC_ROOT_CLASS = YES_ERROR;
				CLANG_WARN__DUPLICATE_METHOD_MATCH = YES;
				"CODE_SIGN_IDENTITY[sdk=iphoneos*]" = "iPhone Developer";
				COPY_PHASE_STRIP = NO;
				GCC_C_LANGUAGE_STANDARD = gnu99;
				GCC_DYNAMIC_NO_PIC = NO;
				GCC_OPTIMIZATION_LEVEL = 0;
				GCC_PREPROCESSOR_DEFINITIONS = (
					"DEBUG=1",
					"$(inherited)",
				);
				GCC_SYMBOLS_PRIVATE_EXTERN = NO;
				GCC_WARN_64_TO_32_BIT_CONVERSION = YES;
				GCC_WARN_ABOUT_RETURN_TYPE = YES_ERROR;
				GCC_WARN_UNDECLARED_SELECTOR = YES;
				GCC_WARN_UNINITIALIZED_AUTOS = YES_AGGRESSIVE;
				GCC_WARN_UNUSED_FUNCTION = YES;
				GCC_WARN_UNUSED_VARIABLE = YES;
				IPHONEOS_DEPLOYMENT_TARGET = 7.1;
				ONLY_ACTIVE_ARCH = YES;
				SDKROOT = iphoneos;
			};
			name = Debug;
		};
		6200FF9E193FAF3A00B5DC21 /* Release */ = {
			isa = XCBuildConfiguration;
			buildSettings = {
				ALWAYS_SEARCH_USER_PATHS = NO;
				CLANG_CXX_LANGUAGE_STANDARD = "gnu++0x";
				CLANG_CXX_LIBRARY = "libc++";
				CLANG_ENABLE_MODULES = YES;
				CLANG_ENABLE_OBJC_ARC = YES;
				CLANG_WARN_BOOL_CONVERSION = YES;
				CLANG_WARN_CONSTANT_CONVERSION = YES;
				CLANG_WARN_DIRECT_OBJC_ISA_USAGE = YES_ERROR;
				CLANG_WARN_EMPTY_BODY = YES;
				CLANG_WARN_ENUM_CONVERSION = YES;
				CLANG_WARN_INT_CONVERSION = YES;
				CLANG_WARN_OBJC_ROOT_CLASS = YES_ERROR;
				CLANG_WARN__DUPLICATE_METHOD_MATCH = YES;
				"CODE_SIGN_IDENTITY[sdk=iphoneos*]" = "iPhone Developer";
				COPY_PHASE_STRIP = YES;
				ENABLE_NS_ASSERTIONS = NO;
				GCC_C_LANGUAGE_STANDARD = gnu99;
				GCC_WARN_64_TO_32_BIT_CONVERSION = YES;
				GCC_WARN_ABOUT_RETURN_TYPE = YES_ERROR;
				GCC_WARN_UNDECLARED_SELECTOR = YES;
				GCC_WARN_UNINITIALIZED_AUTOS = YES_AGGRESSIVE;
				GCC_WARN_UNUSED_FUNCTION = YES;
				GCC_WARN_UNUSED_VARIABLE = YES;
				IPHONEOS_DEPLOYMENT_TARGET = 7.1;
				SDKROOT = iphoneos;
				VALIDATE_PRODUCT = YES;
			};
			name = Release;
		};
		6200FFA0193FAF3A00B5DC21 /* Debug */ = {
			isa = XCBuildConfiguration;
			buildSettings = {
				ASSETCATALOG_COMPILER_APPICON_NAME = AppIcon;
				ASSETCATALOG_COMPILER_LAUNCHIMAGE_NAME = LaunchImage;
				GCC_PRECOMPILE_PREFIX_HEADER = YES;
				GCC_PREFIX_HEADER = "tipcalc/tipcalc-Prefix.pch";
				INFOPLIST_FILE = "tipcalc/tipcalc-Info.plist";
				IPHONEOS_DEPLOYMENT_TARGET = 7.1;
				PRODUCT_NAME = "$(TARGET_NAME)";
				WRAPPER_EXTENSION = app;
			};
			name = Debug;
		};
		6200FFA1193FAF3A00B5DC21 /* Release */ = {
			isa = XCBuildConfiguration;
			buildSettings = {
				ASSETCATALOG_COMPILER_APPICON_NAME = AppIcon;
				ASSETCATALOG_COMPILER_LAUNCHIMAGE_NAME = LaunchImage;
				GCC_PRECOMPILE_PREFIX_HEADER = YES;
				GCC_PREFIX_HEADER = "tipcalc/tipcalc-Prefix.pch";
				INFOPLIST_FILE = "tipcalc/tipcalc-Info.plist";
				IPHONEOS_DEPLOYMENT_TARGET = 7.1;
				PRODUCT_NAME = "$(TARGET_NAME)";
				WRAPPER_EXTENSION = app;
			};
			name = Release;
		};
		6200FFA3193FAF3A00B5DC21 /* Debug */ = {
			isa = XCBuildConfiguration;
			buildSettings = {
				BUNDLE_LOADER = "$(BUILT_PRODUCTS_DIR)/tipcalc.app/tipcalc";
				FRAMEWORK_SEARCH_PATHS = (
					"$(SDKROOT)/Developer/Library/Frameworks",
					"$(inherited)",
					"$(DEVELOPER_FRAMEWORKS_DIR)",
				);
				GCC_PRECOMPILE_PREFIX_HEADER = YES;
				GCC_PREFIX_HEADER = "tipcalc/tipcalc-Prefix.pch";
				GCC_PREPROCESSOR_DEFINITIONS = (
					"DEBUG=1",
					"$(inherited)",
				);
				INFOPLIST_FILE = "tipcalcTests/tipcalcTests-Info.plist";
				PRODUCT_NAME = "$(TARGET_NAME)";
				TEST_HOST = "$(BUNDLE_LOADER)";
				WRAPPER_EXTENSION = xctest;
			};
			name = Debug;
		};
		6200FFA4193FAF3A00B5DC21 /* Release */ = {
			isa = XCBuildConfiguration;
			buildSettings = {
				BUNDLE_LOADER = "$(BUILT_PRODUCTS_DIR)/tipcalc.app/tipcalc";
				FRAMEWORK_SEARCH_PATHS = (
					"$(SDKROOT)/Developer/Library/Frameworks",
					"$(inherited)",
					"$(DEVELOPER_FRAMEWORKS_DIR)",
				);
				GCC_PRECOMPILE_PREFIX_HEADER = YES;
				GCC_PREFIX_HEADER = "tipcalc/tipcalc-Prefix.pch";
				INFOPLIST_FILE = "tipcalcTests/tipcalcTests-Info.plist";
				PRODUCT_NAME = "$(TARGET_NAME)";
				TEST_HOST = "$(BUNDLE_LOADER)";
				WRAPPER_EXTENSION = xctest;
			};
			name = Release;
		};
/* End XCBuildConfiguration section */

/* Begin XCConfigurationList section */
		6200FF6E193FAF3900B5DC21 /* Build configuration list for PBXProject "tipcalc" */ = {
			isa = XCConfigurationList;
			buildConfigurations = (
				6200FF9D193FAF3A00B5DC21 /* Debug */,
				6200FF9E193FAF3A00B5DC21 /* Release */,
			);
			defaultConfigurationIsVisible = 0;
			defaultConfigurationName = Release;
		};
		6200FF9F193FAF3A00B5DC21 /* Build configuration list for PBXNativeTarget "tipcalc" */ = {
			isa = XCConfigurationList;
			buildConfigurations = (
				6200FFA0193FAF3A00B5DC21 /* Debug */,
				6200FFA1193FAF3A00B5DC21 /* Release */,
			);
			defaultConfigurationIsVisible = 0;
			defaultConfigurationName = Release;
		};
		6200FFA2193FAF3A00B5DC21 /* Build configuration list for PBXNativeTarget "tipcalcTests" */ = {
			isa = XCConfigurationList;
			buildConfigurations = (
				6200FFA3193FAF3A00B5DC21 /* Debug */,
				6200FFA4193FAF3A00B5DC21 /* Release */,
			);
			defaultConfigurationIsVisible = 0;
			defaultConfigurationName = Release;
		};
/* End XCConfigurationList section */
	};
	rootObject = 6200FF6B193FAF3900B5DC21 /* Project object */;
}
